
Microsoft Visual Studio Solution File, Format Version 12.00
# Visual Studio Version 17
VisualStudioVersion = 17.6.33712.159
MinimumVisualStudioVersion = 10.0.40219.1
Project("{9A19103F-16F7-4668-BE54-9A1E7A4F7556}") = "LexiExtract", "LexiExtract\LexiExtract.csproj", "{97017ABF-FF6D-4327-A3F7-70EC52FEA3E4}"
EndProject
Project("{FAE04EC0-301F-11D3-BF4B-00C04F79EFBC}") = "LexiExtractTest", "LexiExtractTest\LexiExtractTest.csproj", "{039BFAA8-F772-4DC5-83D8-1AD9FE9B5632}"
EndProject
Global
	GlobalSection(SolutionConfigurationPlatforms) = preSolution
		Debug|Any CPU = Debug|Any CPU
		Release|Any CPU = Release|Any CPU
	EndGlobalSection
	GlobalSection(ProjectConfigurationPlatforms) = postSolution
		{97017ABF-FF6D-4327-A3F7-70EC52FEA3E4}.Debug|Any CPU.ActiveCfg = Debug|Any CPU
		{97017ABF-FF6D-4327-A3F7-70EC52FEA3E4}.Debug|Any CPU.Build.0 = Debug|Any CPU
		{97017ABF-FF6D-4327-A3F7-70EC52FEA3E4}.Release|Any CPU.ActiveCfg = Release|Any CPU
		{97017ABF-FF6D-4327-A3F7-70EC52FEA3E4}.Release|Any CPU.Build.0 = Release|Any CPU
		{039BFAA8-F772-4DC5-83D8-1AD9FE9B5632}.Debug|Any CPU.ActiveCfg = Debug|Any CPU
		{039BFAA8-F772-4DC5-83D8-1AD9FE9B5632}.Debug|Any CPU.Build.0 = Debug|Any CPU
		{039BFAA8-F772-4DC5-83D8-1AD9FE9B5632}.Release|Any CPU.ActiveCfg = Release|Any CPU
		{039BFAA8-F772-4DC5-83D8-1AD9FE9B5632}.Release|Any CPU.Build.0 = Release|Any CPU
	EndGlobalSection
	GlobalSection(SolutionProperties) = preSolution
		HideSolutionNode = FALSE
	EndGlobalSection
	GlobalSection(ExtensibilityGlobals) = postSolution
		SolutionGuid = {C2B725EC-A489-411F-9231-B9C96668080B}
	EndGlobalSection
EndGlobal
